
Microsoft Visual Studio Solution File, Format Version 12.00
# Visual Studio Version 17
VisualStudioVersion = 17.14.36930.0
MinimumVisualStudioVersion = 10.0.40219.1
Project("{FAE04EC0-301F-11D3-BF4B-00C04F79EFBC}") = "NoteApplication", "CSharpFundamentals\NoteApplication.csproj", "{0BF9315E-8B49-4B53-B7BD-58A8A2D02D05}"
EndProject
Project("{FAE04EC0-301F-11D3-BF4B-00C04F79EFBC}") = "BankAccountSimulation", "BankAccountSimulation\BankAccountSimulation.csproj", "{B3688E0F-C8F1-4AA0-A82C-1FBD35174841}"
EndProject
Project("{FAE04EC0-301F-11D3-BF4B-00C04F79EFBC}") = "BankAccountSimulation.Test", "BankAccountSimulationTest\BankAccountSimulation.Test.csproj", "{27F6FDEB-E324-46F8-9CAA-44E0FFD7A1FB}"
EndProject
Project("{FAE04EC0-301F-11D3-BF4B-00C04F79EFBC}") = "BankSimulationMVC", "BankSimulationMVC\BankSimulationMVC.csproj", "{446A5AC9-BE9F-4C96-940A-5227B40A1A07}"
EndProject
Project("{FAE04EC0-301F-11D3-BF4B-00C04F79EFBC}") = "BankSimulationMVC.Infrastructure", "BankSimulationMVC.Infrastructure\BankSimulationMVC.Infrastructure.csproj", "{91C42DFB-422F-4B58-A5A5-9D98B0DB14DB}"
EndProject
Project("{FAE04EC0-301F-11D3-BF4B-00C04F79EFBC}") = "BankSimulationMVC.Application", "BankSimulationMVC.Application\BankSimulationMVC.Application.csproj", "{73103F60-7419-4420-BFCF-4A196F3C17D0}"
EndProject
Project("{FAE04EC0-301F-11D3-BF4B-00C04F79EFBC}") = "BankSimulationMVC.Domain", "BankSimulationMVC.Domain\BankSimulationMVC.Domain.csproj", "{9CDBD9DC-DFBE-40DA-A6D5-56CAE7EAAFB8}"
EndProject
Global
	GlobalSection(SolutionConfigurationPlatforms) = preSolution
		Debug|Any CPU = Debug|Any CPU
		Release|Any CPU = Release|Any CPU
	EndGlobalSection
	GlobalSection(ProjectConfigurationPlatforms) = postSolution
		{0BF9315E-8B49-4B53-B7BD-58A8A2D02D05}.Debug|Any CPU.ActiveCfg = Debug|Any CPU
		{0BF9315E-8B49-4B53-B7BD-58A8A2D02D05}.Debug|Any CPU.Build.0 = Debug|Any CPU
		{0BF9315E-8B49-4B53-B7BD-58A8A2D02D05}.Release|Any CPU.ActiveCfg = Release|Any CPU
		{0BF9315E-8B49-4B53-B7BD-58A8A2D02D05}.Release|Any CPU.Build.0 = Release|Any CPU
		{B3688E0F-C8F1-4AA0-A82C-1FBD35174841}.Debug|Any CPU.ActiveCfg = Debug|Any CPU
		{B3688E0F-C8F1-4AA0-A82C-1FBD35174841}.Debug|Any CPU.Build.0 = Debug|Any CPU
		{B3688E0F-C8F1-4AA0-A82C-1FBD35174841}.Release|Any CPU.ActiveCfg = Release|Any CPU
		{B3688E0F-C8F1-4AA0-A82C-1FBD35174841}.Release|Any CPU.Build.0 = Release|Any CPU
		{27F6FDEB-E324-46F8-9CAA-44E0FFD7A1FB}.Debug|Any CPU.ActiveCfg = Debug|Any CPU
		{27F6FDEB-E324-46F8-9CAA-44E0FFD7A1FB}.Debug|Any CPU.Build.0 = Debug|Any CPU
		{27F6FDEB-E324-46F8-9CAA-44E0FFD7A1FB}.Release|Any CPU.ActiveCfg = Release|Any CPU
		{27F6FDEB-E324-46F8-9CAA-44E0FFD7A1FB}.Release|Any CPU.Build.0 = Release|Any CPU
		{446A5AC9-BE9F-4C96-940A-5227B40A1A07}.Debug|Any CPU.ActiveCfg = Debug|Any CPU
		{446A5AC9-BE9F-4C96-940A-5227B40A1A07}.Debug|Any CPU.Build.0 = Debug|Any CPU
		{446A5AC9-BE9F-4C96-940A-5227B40A1A07}.Release|Any CPU.ActiveCfg = Release|Any CPU
		{446A5AC9-BE9F-4C96-940A-5227B40A1A07}.Release|Any CPU.Build.0 = Release|Any CPU
		{91C42DFB-422F-4B58-A5A5-9D98B0DB14DB}.Debug|Any CPU.ActiveCfg = Debug|Any CPU
		{91C42DFB-422F-4B58-A5A5-9D98B0DB14DB}.Debug|Any CPU.Build.0 = Debug|Any CPU
		{91C42DFB-422F-4B58-A5A5-9D98B0DB14DB}.Release|Any CPU.ActiveCfg = Release|Any CPU
		{91C42DFB-422F-4B58-A5A5-9D98B0DB14DB}.Release|Any CPU.Build.0 = Release|Any CPU
		{73103F60-7419-4420-BFCF-4A196F3C17D0}.Debug|Any CPU.ActiveCfg = Debug|Any CPU
		{73103F60-7419-4420-BFCF-4A196F3C17D0}.Debug|Any CPU.Build.0 = Debug|Any CPU
		{73103F60-7419-4420-BFCF-4A196F3C17D0}.Release|Any CPU.ActiveCfg = Release|Any CPU
		{73103F60-7419-4420-BFCF-4A196F3C17D0}.Release|Any CPU.Build.0 = Release|Any CPU
		{9CDBD9DC-DFBE-40DA-A6D5-56CAE7EAAFB8}.Debug|Any CPU.ActiveCfg = Debug|Any CPU
		{9CDBD9DC-DFBE-40DA-A6D5-56CAE7EAAFB8}.Debug|Any CPU.Build.0 = Debug|Any CPU
		{9CDBD9DC-DFBE-40DA-A6D5-56CAE7EAAFB8}.Release|Any CPU.ActiveCfg = Release|Any CPU
		{9CDBD9DC-DFBE-40DA-A6D5-56CAE7EAAFB8}.Release|Any CPU.Build.0 = Release|Any CPU
	EndGlobalSection
	GlobalSection(SolutionProperties) = preSolution
		HideSolutionNode = FALSE
	EndGlobalSection
	GlobalSection(ExtensibilityGlobals) = postSolution
		SolutionGuid = {B965FDF3-79F1-4D70-9E43-CE94212F4FF4}
	EndGlobalSection
EndGlobal
