
Microsoft Visual Studio Solution File, Format Version 12.00
# Visual Studio Version 17
VisualStudioVersion = 17.14.36930.0
MinimumVisualStudioVersion = 10.0.40219.1
Project("{FAE04EC0-301F-11D3-BF4B-00C04F79EFBC}") = "NoteApplication", "CSharpFundamentals\NoteApplication.csproj", "{0BF9315E-8B49-4B53-B7BD-58A8A2D02D05}"
EndProject
Project("{FAE04EC0-301F-11D3-BF4B-00C04F79EFBC}") = "BankAccountSimulation", "BankAccountSimulation\BankAccountSimulation.csproj", "{B3688E0F-C8F1-4AA0-A82C-1FBD35174841}"
EndProject
Global
	GlobalSection(SolutionConfigurationPlatforms) = preSolution
		Debug|Any CPU = Debug|Any CPU
		Release|Any CPU = Release|Any CPU
	EndGlobalSection
	GlobalSection(ProjectConfigurationPlatforms) = postSolution
		{0BF9315E-8B49-4B53-B7BD-58A8A2D02D05}.Debug|Any CPU.ActiveCfg = Debug|Any CPU
		{0BF9315E-8B49-4B53-B7BD-58A8A2D02D05}.Debug|Any CPU.Build.0 = Debug|Any CPU
		{0BF9315E-8B49-4B53-B7BD-58A8A2D02D05}.Release|Any CPU.ActiveCfg = Release|Any CPU
		{0BF9315E-8B49-4B53-B7BD-58A8A2D02D05}.Release|Any CPU.Build.0 = Release|Any CPU
		{B3688E0F-C8F1-4AA0-A82C-1FBD35174841}.Debug|Any CPU.ActiveCfg = Debug|Any CPU
		{B3688E0F-C8F1-4AA0-A82C-1FBD35174841}.Debug|Any CPU.Build.0 = Debug|Any CPU
		{B3688E0F-C8F1-4AA0-A82C-1FBD35174841}.Release|Any CPU.ActiveCfg = Release|Any CPU
		{B3688E0F-C8F1-4AA0-A82C-1FBD35174841}.Release|Any CPU.Build.0 = Release|Any CPU
	EndGlobalSection
	GlobalSection(SolutionProperties) = preSolution
		HideSolutionNode = FALSE
	EndGlobalSection
	GlobalSection(ExtensibilityGlobals) = postSolution
		SolutionGuid = {B965FDF3-79F1-4D70-9E43-CE94212F4FF4}
	EndGlobalSection
EndGlobal
